{
  "version": 4,
  "terraform_version": "1.7.0",
  "serial": 4,
  "lineage": "56ebbfae-c00f-eebd-d4a4-d842765f324f",
  "outputs": {
    "cluster_url": {
      "value": "https://dbc-3c8e5977-0316.cloud.databricks.com/#setting/clusters/0125-080301-tgiv60k3/configuration",
      "type": "string"
    },
    "job_url": {
      "value": "https://dbc-3c8e5977-0316.cloud.databricks.com/#job/1105246661189651",
      "type": "string"
    },
    "notebook_url": {
      "value": "https://dbc-3c8e5977-0316.cloud.databricks.com/#workspace/Users/javadeveloper704@gmail.com/Terraform/notebook-getting-started.py",
      "type": "string"
    }
  },
  "resources": [
    {
      "mode": "data",
      "type": "databricks_current_user",
      "name": "me",
      "provider": "provider[\"registry.terraform.io/databricks/databricks\"]",
      "instances": [
        {
          "schema_version": 0,
          "attributes": {
            "alphanumeric": "javadeveloper704",
            "external_id": "",
            "home": "/Users/javadeveloper704@gmail.com",
            "id": "7142453759951670",
            "repos": "/Repos/javadeveloper704@gmail.com",
            "user_name": "javadeveloper704@gmail.com",
            "workspace_url": "https://dbc-3c8e5977-0316.cloud.databricks.com"
          },
          "sensitive_attributes": []
        }
      ]
    },
    {
      "mode": "data",
      "type": "databricks_node_type",
      "name": "smallest",
      "provider": "provider[\"registry.terraform.io/databricks/databricks\"]",
      "instances": [
        {
          "schema_version": 0,
          "attributes": {
            "category": null,
            "gb_per_core": null,
            "graviton": null,
            "id": "m5d.large",
            "is_io_cache_enabled": null,
            "local_disk": true,
            "min_cores": null,
            "min_gpus": null,
            "min_memory_gb": null,
            "photon_driver_capable": null,
            "photon_worker_capable": null,
            "support_port_forwarding": null,
            "vcpu": null
          },
          "sensitive_attributes": []
        }
      ]
    },
    {
      "mode": "data",
      "type": "databricks_spark_version",
      "name": "latest_lts",
      "provider": "provider[\"registry.terraform.io/databricks/databricks\"]",
      "instances": [
        {
          "schema_version": 0,
          "attributes": {
            "beta": false,
            "genomics": false,
            "gpu": false,
            "graviton": null,
            "id": "13.3.x-scala2.12",
            "latest": true,
            "long_term_support": true,
            "ml": false,
            "photon": false,
            "scala": "2.12",
            "spark_version": null
          },
          "sensitive_attributes": []
        }
      ]
    },
    {
      "mode": "managed",
      "type": "databricks_cluster",
      "name": "this",
      "provider": "provider[\"registry.terraform.io/databricks/databricks\"]",
      "instances": [
        {
          "schema_version": 2,
          "attributes": {
            "autoscale": [],
            "autotermination_minutes": 60,
            "aws_attributes": [
              {
                "availability": "SPOT_WITH_FALLBACK",
                "ebs_volume_count": 0,
                "ebs_volume_size": 0,
                "ebs_volume_type": "",
                "first_on_demand": 0,
                "instance_profile_arn": "",
                "spot_bid_price_percent": 100,
                "zone_id": "us-east-1f"
              }
            ],
            "azure_attributes": [],
            "cluster_id": "0125-080301-tgiv60k3",
            "cluster_log_conf": [],
            "cluster_name": "My Cluster",
            "custom_tags": null,
            "data_security_mode": null,
            "default_tags": {
              "ClusterId": "0125-080301-tgiv60k3",
              "ClusterName": "My Cluster",
              "Creator": "javadeveloper704@gmail.com",
              "Vendor": "Databricks"
            },
            "docker_image": [],
            "driver_instance_pool_id": null,
            "driver_node_type_id": "m5d.large",
            "enable_elastic_disk": false,
            "enable_local_disk_encryption": false,
            "gcp_attributes": [],
            "id": "0125-080301-tgiv60k3",
            "idempotency_token": null,
            "init_scripts": [],
            "instance_pool_id": null,
            "is_pinned": false,
            "library": [],
            "node_type_id": "m5d.large",
            "num_workers": 1,
            "policy_id": null,
            "single_user_name": null,
            "spark_conf": null,
            "spark_env_vars": null,
            "spark_version": "13.3.x-scala2.12",
            "ssh_public_keys": null,
            "state": "RUNNING",
            "timeouts": null,
            "url": "https://dbc-3c8e5977-0316.cloud.databricks.com/#setting/clusters/0125-080301-tgiv60k3/configuration"
          },
          "sensitive_attributes": [],
          "private": "eyJlMmJmYjczMC1lY2FhLTExZTYtOGY4OC0zNDM2M2JjN2M0YzAiOnsiY3JlYXRlIjoxODAwMDAwMDAwMDAwLCJkZWxldGUiOjE4MDAwMDAwMDAwMDAsInVwZGF0ZSI6MTgwMDAwMDAwMDAwMH0sInNjaGVtYV92ZXJzaW9uIjoiMiJ9",
          "dependencies": [
            "data.databricks_node_type.smallest",
            "data.databricks_spark_version.latest_lts"
          ]
        }
      ]
    },
    {
      "mode": "managed",
      "type": "databricks_job",
      "name": "this",
      "provider": "provider[\"registry.terraform.io/databricks/databricks\"]",
      "instances": [
        {
          "schema_version": 2,
          "attributes": {
            "always_running": false,
            "email_notifications": [
              {
                "alert_on_last_attempt": false,
                "no_alert_for_skipped_runs": false,
                "on_failure": [
                  "javadeveloper704@gmail.com"
                ],
                "on_start": null,
                "on_success": [
                  "javadeveloper704@gmail.com"
                ]
              }
            ],
            "existing_cluster_id": "0125-080301-tgiv60k3",
            "format": "SINGLE_TASK",
            "git_source": [],
            "id": "1105246661189651",
            "job_cluster": [],
            "library": [],
            "max_concurrent_runs": 1,
            "max_retries": 0,
            "min_retry_interval_millis": 0,
            "name": "My Job",
            "new_cluster": [],
            "notebook_task": [
              {
                "base_parameters": null,
                "notebook_path": "/Users/javadeveloper704@gmail.com/Terraform/notebook-getting-started.py"
              }
            ],
            "pipeline_task": [],
            "python_wheel_task": [],
            "retry_on_timeout": false,
            "schedule": [],
            "spark_jar_task": [],
            "spark_python_task": [],
            "spark_submit_task": [],
            "tags": null,
            "task": [],
            "timeout_seconds": 0,
            "timeouts": null,
            "url": "https://dbc-3c8e5977-0316.cloud.databricks.com/#job/1105246661189651"
          },
          "sensitive_attributes": [],
          "private": "eyJlMmJmYjczMC1lY2FhLTExZTYtOGY4OC0zNDM2M2JjN2M0YzAiOnsiY3JlYXRlIjoxODAwMDAwMDAwMDAwLCJ1cGRhdGUiOjE4MDAwMDAwMDAwMDB9LCJzY2hlbWFfdmVyc2lvbiI6IjIifQ==",
          "dependencies": [
            "data.databricks_current_user.me",
            "data.databricks_node_type.smallest",
            "data.databricks_spark_version.latest_lts",
            "databricks_cluster.this",
            "databricks_notebook.this"
          ]
        }
      ]
    },
    {
      "mode": "managed",
      "type": "databricks_notebook",
      "name": "this",
      "provider": "provider[\"registry.terraform.io/databricks/databricks\"]",
      "instances": [
        {
          "schema_version": 1,
          "attributes": {
            "content_base64": null,
            "format": "SOURCE",
            "id": "/Users/javadeveloper704@gmail.com/Terraform/notebook-getting-started.py",
            "language": "PYTHON",
            "md5": "be889a68e3ef7bc2312ec99ef969f255",
            "object_id": 146175599,
            "object_type": "NOTEBOOK",
            "path": "/Users/javadeveloper704@gmail.com/Terraform/notebook-getting-started.py",
            "source": "./notebook-getting-started.py",
            "url": "https://dbc-3c8e5977-0316.cloud.databricks.com/#workspace/Users/javadeveloper704@gmail.com/Terraform/notebook-getting-started.py"
          },
          "sensitive_attributes": [],
          "private": "eyJzY2hlbWFfdmVyc2lvbiI6IjEifQ==",
          "dependencies": [
            "data.databricks_current_user.me"
          ]
        }
      ]
    }
  ],
  "check_results": [
    {
      "object_kind": "var",
      "config_addr": "var.sqlw_id",
      "status": "pass",
      "objects": [
        {
          "object_addr": "var.sqlw_id",
          "status": "pass"
        }
      ]
    }
  ]
}
